
Microsoft Visual Studio Solution File, Format Version 12.00
# Visual Studio Version 17
VisualStudioVersion = 17.9.34701.34
MinimumVisualStudioVersion = 10.0.40219.1
Project("{FAE04EC0-301F-11D3-BF4B-00C04F79EFBC}") = "WinFormsApp1", "WinFormsApp1\WinFormsApp1.csproj", "{3D5ED385-84C3-4238-956F-591D523F3E88}"
EndProject
Global
	GlobalSection(SolutionConfigurationPlatforms) = preSolution
		Debug|Any CPU = Debug|Any CPU
		Release|Any CPU = Release|Any CPU
	EndGlobalSection
	GlobalSection(ProjectConfigurationPlatforms) = postSolution
		{3D5ED385-84C3-4238-956F-591D523F3E88}.Debug|Any CPU.ActiveCfg = Debug|Any CPU
		{3D5ED385-84C3-4238-956F-591D523F3E88}.Debug|Any CPU.Build.0 = Debug|Any CPU
		{3D5ED385-84C3-4238-956F-591D523F3E88}.Release|Any CPU.ActiveCfg = Release|Any CPU
		{3D5ED385-84C3-4238-956F-591D523F3E88}.Release|Any CPU.Build.0 = Release|Any CPU
	EndGlobalSection
	GlobalSection(SolutionProperties) = preSolution
		HideSolutionNode = FALSE
	EndGlobalSection
	GlobalSection(ExtensibilityGlobals) = postSolution
		SolutionGuid = {29B6DED8-6C1E-4508-A2F0-364C83BA1D8D}
	EndGlobalSection
EndGlobal
